
Microsoft Visual Studio Solution File, Format Version 12.00
# Visual Studio Version 17
VisualStudioVersion = 17.2.32630.192
MinimumVisualStudioVersion = 10.0.40219.1
Project("{FAE04EC0-301F-11D3-BF4B-00C04F79EFBC}") = "tCelulares", "tCelulares\tCelulares.csproj", "{3E1D23EC-CA80-4F47-B820-91192B75CA7F}"
EndProject
Global
	GlobalSection(SolutionConfigurationPlatforms) = preSolution
		Debug|Any CPU = Debug|Any CPU
		Release|Any CPU = Release|Any CPU
	EndGlobalSection
	GlobalSection(ProjectConfigurationPlatforms) = postSolution
		{3E1D23EC-CA80-4F47-B820-91192B75CA7F}.Debug|Any CPU.ActiveCfg = Debug|Any CPU
		{3E1D23EC-CA80-4F47-B820-91192B75CA7F}.Debug|Any CPU.Build.0 = Debug|Any CPU
		{3E1D23EC-CA80-4F47-B820-91192B75CA7F}.Release|Any CPU.ActiveCfg = Release|Any CPU
		{3E1D23EC-CA80-4F47-B820-91192B75CA7F}.Release|Any CPU.Build.0 = Release|Any CPU
	EndGlobalSection
	GlobalSection(SolutionProperties) = preSolution
		HideSolutionNode = FALSE
	EndGlobalSection
	GlobalSection(ExtensibilityGlobals) = postSolution
		SolutionGuid = {80CFFCB0-CF39-454E-B734-63A28BF5B55D}
	EndGlobalSection
EndGlobal
